
Microsoft Visual Studio Solution File, Format Version 12.00
# Visual Studio 15
VisualStudioVersion = 15.0.27130.2027
MinimumVisualStudioVersion = 10.0.40219.1
Project("{9A19103F-16F7-4668-BE54-9A1E7A4F7556}") = "AzureFunctionApp", "AzureFunctionApp\AzureFunctionApp.csproj", "{989EE618-D761-4367-8EC7-9CE9282936A5}"
EndProject
Global
	GlobalSection(SolutionConfigurationPlatforms) = preSolution
		Debug|Any CPU = Debug|Any CPU
		Release|Any CPU = Release|Any CPU
	EndGlobalSection
	GlobalSection(ProjectConfigurationPlatforms) = postSolution
		{989EE618-D761-4367-8EC7-9CE9282936A5}.Debug|Any CPU.ActiveCfg = Debug|Any CPU
		{989EE618-D761-4367-8EC7-9CE9282936A5}.Debug|Any CPU.Build.0 = Debug|Any CPU
		{989EE618-D761-4367-8EC7-9CE9282936A5}.Release|Any CPU.ActiveCfg = Release|Any CPU
		{989EE618-D761-4367-8EC7-9CE9282936A5}.Release|Any CPU.Build.0 = Release|Any CPU
	EndGlobalSection
	GlobalSection(SolutionProperties) = preSolution
		HideSolutionNode = FALSE
	EndGlobalSection
	GlobalSection(ExtensibilityGlobals) = postSolution
		SolutionGuid = {74D1B182-4060-4614-AE01-553283F301F2}
	EndGlobalSection
EndGlobal
